
Microsoft Visual Studio Solution File, Format Version 12.00
# Visual Studio Version 17
VisualStudioVersion = 17.10.35013.160
MinimumVisualStudioVersion = 10.0.40219.1
Project("{FAE04EC0-301F-11D3-BF4B-00C04F79EFBC}") = "ADV02", "ADV02\ADV02.csproj", "{D41493A8-6B16-4459-A3EA-38901E1A9ADD}"
EndProject
Global
	GlobalSection(SolutionConfigurationPlatforms) = preSolution
		Debug|Any CPU = Debug|Any CPU
		Release|Any CPU = Release|Any CPU
	EndGlobalSection
	GlobalSection(ProjectConfigurationPlatforms) = postSolution
		{D41493A8-6B16-4459-A3EA-38901E1A9ADD}.Debug|Any CPU.ActiveCfg = Debug|Any CPU
		{D41493A8-6B16-4459-A3EA-38901E1A9ADD}.Debug|Any CPU.Build.0 = Debug|Any CPU
		{D41493A8-6B16-4459-A3EA-38901E1A9ADD}.Release|Any CPU.ActiveCfg = Release|Any CPU
		{D41493A8-6B16-4459-A3EA-38901E1A9ADD}.Release|Any CPU.Build.0 = Release|Any CPU
	EndGlobalSection
	GlobalSection(SolutionProperties) = preSolution
		HideSolutionNode = FALSE
	EndGlobalSection
	GlobalSection(ExtensibilityGlobals) = postSolution
		SolutionGuid = {D79EFF4E-13B8-4167-BFA1-EB1E26918144}
	EndGlobalSection
EndGlobal
